{
  "name": "fragments",
  "version": "0.0.1",
  "lockfileVersion": 3,
  "requires": true,
  "packages": {
    "": {
      "name": "fragments",
      "version": "0.0.1",
      "license": "UNLICENSED",
      "devDependencies": {
        "pretier": "0.0.1"
      }
    },
    "node_modules/pretier": {
      "version": "0.0.1",
      "resolved": "https://registry.npmjs.org/pretier/-/pretier-0.0.1.tgz",
      "integrity": "sha512-sx6A34i/SbtIbiNrwwPJ9gpGKXfezVFFsv5/7v+qwu5vcwp6RJftQ60LvRbV4LQngUnJVRyU23AsUG3t+zNHEA==",
      "dev": true
    }
  }
}
